// !$*UTF8*$!
{
	archiveVersion = 1;
	classes = {
	};
	objectVersion = 56;
	objects = {

/* Begin PBXBuildFile section */
		454BC2F52BA3119A0078DE7D /* UIHelper.swift in Sources */ = {isa = PBXBuildFile; fileRef = 454BC2F42BA3119A0078DE7D /* UIHelper.swift */; };
		454BC2F92BA34C9B0078DE7D /* GFEmptyStateView.swift in Sources */ = {isa = PBXBuildFile; fileRef = 454BC2F82BA34C9B0078DE7D /* GFEmptyStateView.swift */; };
		454BC2FB2BA47CA80078DE7D /* UserInfoVC.swift in Sources */ = {isa = PBXBuildFile; fileRef = 454BC2FA2BA47CA80078DE7D /* UserInfoVC.swift */; };
		455F68D22B76789E00820FD5 /* FollowersListVC.swift in Sources */ = {isa = PBXBuildFile; fileRef = 455F68D12B76789E00820FD5 /* FollowersListVC.swift */; };
		455F68D42B79F77D00820FD5 /* GFTitleLabel.swift in Sources */ = {isa = PBXBuildFile; fileRef = 455F68D32B79F77D00820FD5 /* GFTitleLabel.swift */; };
		455F68D62B7AB9AD00820FD5 /* GFBodyLabel.swift in Sources */ = {isa = PBXBuildFile; fileRef = 455F68D52B7AB9AD00820FD5 /* GFBodyLabel.swift */; };
		455F68D82B7AC93800820FD5 /* GFAlertVCViewController.swift in Sources */ = {isa = PBXBuildFile; fileRef = 455F68D72B7AC93800820FD5 /* GFAlertVCViewController.swift */; };
		455F68DA2B7FA96F00820FD5 /* UIViewController+ext.swift in Sources */ = {isa = PBXBuildFile; fileRef = 455F68D92B7FA96F00820FD5 /* UIViewController+ext.swift */; };
		455F68E02B826C0E00820FD5 /* User.swift in Sources */ = {isa = PBXBuildFile; fileRef = 455F68DF2B826C0E00820FD5 /* User.swift */; };
		455F68E22B826D7300820FD5 /* Following.swift in Sources */ = {isa = PBXBuildFile; fileRef = 455F68E12B826D7300820FD5 /* Following.swift */; };
		455F68E52B82722B00820FD5 /* NetworkManager.swift in Sources */ = {isa = PBXBuildFile; fileRef = 455F68E42B82722B00820FD5 /* NetworkManager.swift */; };
		455F68E82B83836700820FD5 /* NetworkError.swift in Sources */ = {isa = PBXBuildFile; fileRef = 455F68E72B83836700820FD5 /* NetworkError.swift */; };
		455F68EB2B83C4AD00820FD5 /* FollowingCell.swift in Sources */ = {isa = PBXBuildFile; fileRef = 455F68EA2B83C4AD00820FD5 /* FollowingCell.swift */; };
		455F68ED2B83CB5F00820FD5 /* GFAvatarImageView.swift in Sources */ = {isa = PBXBuildFile; fileRef = 455F68EC2B83CB5F00820FD5 /* GFAvatarImageView.swift */; };
		459F664A2B5ABA490072BCD4 /* AppDelegate.swift in Sources */ = {isa = PBXBuildFile; fileRef = 459F66492B5ABA490072BCD4 /* AppDelegate.swift */; };
		459F664C2B5ABA490072BCD4 /* SceneDelegate.swift in Sources */ = {isa = PBXBuildFile; fileRef = 459F664B2B5ABA490072BCD4 /* SceneDelegate.swift */; };
		459F66532B5ABA4A0072BCD4 /* Assets.xcassets in Resources */ = {isa = PBXBuildFile; fileRef = 459F66522B5ABA4A0072BCD4 /* Assets.xcassets */; };
		459F665E2B66EC270072BCD4 /* SearchVC.swift in Sources */ = {isa = PBXBuildFile; fileRef = 459F665D2B66EC270072BCD4 /* SearchVC.swift */; };
		459F66602B66EC720072BCD4 /* FavoritesListVC.swift in Sources */ = {isa = PBXBuildFile; fileRef = 459F665F2B66EC720072BCD4 /* FavoritesListVC.swift */; };
		459F66622B67E59F0072BCD4 /* GFButton.swift in Sources */ = {isa = PBXBuildFile; fileRef = 459F66612B67E59F0072BCD4 /* GFButton.swift */; };
		459F66662B67F3C40072BCD4 /* GFTextField.swift in Sources */ = {isa = PBXBuildFile; fileRef = 459F66652B67F3C40072BCD4 /* GFTextField.swift */; };
/* End PBXBuildFile section */

/* Begin PBXFileReference section */
		454BC2F42BA3119A0078DE7D /* UIHelper.swift */ = {isa = PBXFileReference; lastKnownFileType = sourcecode.swift; path = UIHelper.swift; sourceTree = "<group>"; };
		454BC2F82BA34C9B0078DE7D /* GFEmptyStateView.swift */ = {isa = PBXFileReference; lastKnownFileType = sourcecode.swift; path = GFEmptyStateView.swift; sourceTree = "<group>"; };
		454BC2FA2BA47CA80078DE7D /* UserInfoVC.swift */ = {isa = PBXFileReference; lastKnownFileType = sourcecode.swift; path = UserInfoVC.swift; sourceTree = "<group>"; };
		455F68D12B76789E00820FD5 /* FollowersListVC.swift */ = {isa = PBXFileReference; lastKnownFileType = sourcecode.swift; path = FollowersListVC.swift; sourceTree = "<group>"; };
		455F68D32B79F77D00820FD5 /* GFTitleLabel.swift */ = {isa = PBXFileReference; lastKnownFileType = sourcecode.swift; path = GFTitleLabel.swift; sourceTree = "<group>"; };
		455F68D52B7AB9AD00820FD5 /* GFBodyLabel.swift */ = {isa = PBXFileReference; lastKnownFileType = sourcecode.swift; path = GFBodyLabel.swift; sourceTree = "<group>"; };
		455F68D72B7AC93800820FD5 /* GFAlertVCViewController.swift */ = {isa = PBXFileReference; lastKnownFileType = sourcecode.swift; path = GFAlertVCViewController.swift; sourceTree = "<group>"; };
		455F68D92B7FA96F00820FD5 /* UIViewController+ext.swift */ = {isa = PBXFileReference; lastKnownFileType = sourcecode.swift; path = "UIViewController+ext.swift"; sourceTree = "<group>"; };
		455F68DF2B826C0E00820FD5 /* User.swift */ = {isa = PBXFileReference; lastKnownFileType = sourcecode.swift; path = User.swift; sourceTree = "<group>"; };
		455F68E12B826D7300820FD5 /* Following.swift */ = {isa = PBXFileReference; lastKnownFileType = sourcecode.swift; path = Following.swift; sourceTree = "<group>"; };
		455F68E42B82722B00820FD5 /* NetworkManager.swift */ = {isa = PBXFileReference; lastKnownFileType = sourcecode.swift; path = NetworkManager.swift; sourceTree = "<group>"; };
		455F68E72B83836700820FD5 /* NetworkError.swift */ = {isa = PBXFileReference; lastKnownFileType = sourcecode.swift; path = NetworkError.swift; sourceTree = "<group>"; };
		455F68EA2B83C4AD00820FD5 /* FollowingCell.swift */ = {isa = PBXFileReference; lastKnownFileType = sourcecode.swift; path = FollowingCell.swift; sourceTree = "<group>"; };
		455F68EC2B83CB5F00820FD5 /* GFAvatarImageView.swift */ = {isa = PBXFileReference; lastKnownFileType = sourcecode.swift; path = GFAvatarImageView.swift; sourceTree = "<group>"; };
		459F66462B5ABA490072BCD4 /* GithubFollowings.app */ = {isa = PBXFileReference; explicitFileType = wrapper.application; includeInIndex = 0; path = GithubFollowings.app; sourceTree = BUILT_PRODUCTS_DIR; };
		459F66492B5ABA490072BCD4 /* AppDelegate.swift */ = {isa = PBXFileReference; lastKnownFileType = sourcecode.swift; path = AppDelegate.swift; sourceTree = "<group>"; };
		459F664B2B5ABA490072BCD4 /* SceneDelegate.swift */ = {isa = PBXFileReference; lastKnownFileType = sourcecode.swift; path = SceneDelegate.swift; sourceTree = "<group>"; };
		459F66522B5ABA4A0072BCD4 /* Assets.xcassets */ = {isa = PBXFileReference; lastKnownFileType = folder.assetcatalog; path = Assets.xcassets; sourceTree = "<group>"; };
		459F66572B5ABA4A0072BCD4 /* Info.plist */ = {isa = PBXFileReference; lastKnownFileType = text.plist.xml; path = Info.plist; sourceTree = "<group>"; };
		459F665D2B66EC270072BCD4 /* SearchVC.swift */ = {isa = PBXFileReference; lastKnownFileType = sourcecode.swift; path = SearchVC.swift; sourceTree = "<group>"; };
		459F665F2B66EC720072BCD4 /* FavoritesListVC.swift */ = {isa = PBXFileReference; lastKnownFileType = sourcecode.swift; path = FavoritesListVC.swift; sourceTree = "<group>"; };
		459F66612B67E59F0072BCD4 /* GFButton.swift */ = {isa = PBXFileReference; lastKnownFileType = sourcecode.swift; path = GFButton.swift; sourceTree = "<group>"; };
		459F66652B67F3C40072BCD4 /* GFTextField.swift */ = {isa = PBXFileReference; lastKnownFileType = sourcecode.swift; path = GFTextField.swift; sourceTree = "<group>"; };
/* End PBXFileReference section */

/* Begin PBXFrameworksBuildPhase section */
		459F66432B5ABA490072BCD4 /* Frameworks */ = {
			isa = PBXFrameworksBuildPhase;
			buildActionMask = 2147483647;
			files = (
			);
			runOnlyForDeploymentPostprocessing = 0;
		};
/* End PBXFrameworksBuildPhase section */

/* Begin PBXGroup section */
		455F68DB2B82610300820FD5 /* View Controllers */ = {
			isa = PBXGroup;
			children = (
				459F665D2B66EC270072BCD4 /* SearchVC.swift */,
				459F665F2B66EC720072BCD4 /* FavoritesListVC.swift */,
				455F68D12B76789E00820FD5 /* FollowersListVC.swift */,
				454BC2FA2BA47CA80078DE7D /* UserInfoVC.swift */,
			);
			path = "View Controllers";
			sourceTree = "<group>";
		};
		455F68DC2B82611F00820FD5 /* Components */ = {
			isa = PBXGroup;
			children = (
				455F68E92B83C47100820FD5 /* Cells */,
				459F66612B67E59F0072BCD4 /* GFButton.swift */,
				459F66652B67F3C40072BCD4 /* GFTextField.swift */,
				455F68D32B79F77D00820FD5 /* GFTitleLabel.swift */,
				455F68D52B7AB9AD00820FD5 /* GFBodyLabel.swift */,
				455F68EC2B83CB5F00820FD5 /* GFAvatarImageView.swift */,
				454BC2F82BA34C9B0078DE7D /* GFEmptyStateView.swift */,
				455F68D72B7AC93800820FD5 /* GFAlertVCViewController.swift */,
			);
			path = Components;
			sourceTree = "<group>";
		};
		455F68DD2B82614D00820FD5 /* Extensions */ = {
			isa = PBXGroup;
			children = (
				455F68D92B7FA96F00820FD5 /* UIViewController+ext.swift */,
			);
			path = Extensions;
			sourceTree = "<group>";
		};
		455F68DE2B826BFD00820FD5 /* Models */ = {
			isa = PBXGroup;
			children = (
				455F68DF2B826C0E00820FD5 /* User.swift */,
				455F68E12B826D7300820FD5 /* Following.swift */,
			);
			path = Models;
			sourceTree = "<group>";
		};
		455F68E32B82721C00820FD5 /* Managers */ = {
			isa = PBXGroup;
			children = (
				455F68E42B82722B00820FD5 /* NetworkManager.swift */,
			);
			path = Managers;
			sourceTree = "<group>";
		};
		455F68E62B8382F300820FD5 /* Errors */ = {
			isa = PBXGroup;
			children = (
				455F68E72B83836700820FD5 /* NetworkError.swift */,
			);
			path = Errors;
			sourceTree = "<group>";
		};
		455F68E92B83C47100820FD5 /* Cells */ = {
			isa = PBXGroup;
			children = (
				455F68EA2B83C4AD00820FD5 /* FollowingCell.swift */,
			);
			path = Cells;
			sourceTree = "<group>";
		};
		459F663D2B5ABA490072BCD4 = {
			isa = PBXGroup;
			children = (
				459F66482B5ABA490072BCD4 /* GithubFollowings */,
				459F66472B5ABA490072BCD4 /* Products */,
			);
			sourceTree = "<group>";
		};
		459F66472B5ABA490072BCD4 /* Products */ = {
			isa = PBXGroup;
			children = (
				459F66462B5ABA490072BCD4 /* GithubFollowings.app */,
			);
			name = Products;
			sourceTree = "<group>";
		};
		459F66482B5ABA490072BCD4 /* GithubFollowings */ = {
			isa = PBXGroup;
			children = (
				459F66492B5ABA490072BCD4 /* AppDelegate.swift */,
				459F664B2B5ABA490072BCD4 /* SceneDelegate.swift */,
				454BC2F42BA3119A0078DE7D /* UIHelper.swift */,
				459F66572B5ABA4A0072BCD4 /* Info.plist */,
				455F68E62B8382F300820FD5 /* Errors */,
				455F68E32B82721C00820FD5 /* Managers */,
				455F68DE2B826BFD00820FD5 /* Models */,
				455F68DD2B82614D00820FD5 /* Extensions */,
				455F68DC2B82611F00820FD5 /* Components */,
				455F68DB2B82610300820FD5 /* View Controllers */,
				459F66522B5ABA4A0072BCD4 /* Assets.xcassets */,
			);
			path = GithubFollowings;
			sourceTree = "<group>";
		};
/* End PBXGroup section */

/* Begin PBXNativeTarget section */
		459F66452B5ABA490072BCD4 /* GithubFollowings */ = {
			isa = PBXNativeTarget;
			buildConfigurationList = 459F665A2B5ABA4A0072BCD4 /* Build configuration list for PBXNativeTarget "GithubFollowings" */;
			buildPhases = (
				459F66422B5ABA490072BCD4 /* Sources */,
				459F66432B5ABA490072BCD4 /* Frameworks */,
				459F66442B5ABA490072BCD4 /* Resources */,
			);
			buildRules = (
			);
			dependencies = (
			);
			name = GithubFollowings;
			productName = UIKITAPP;
			productReference = 459F66462B5ABA490072BCD4 /* GithubFollowings.app */;
			productType = "com.apple.product-type.application";
		};
/* End PBXNativeTarget section */

/* Begin PBXProject section */
		459F663E2B5ABA490072BCD4 /* Project object */ = {
			isa = PBXProject;
			attributes = {
				BuildIndependentTargetsInParallel = 1;
				LastSwiftUpdateCheck = 1500;
				LastUpgradeCheck = 1500;
				TargetAttributes = {
					459F66452B5ABA490072BCD4 = {
						CreatedOnToolsVersion = 15.0.1;
					};
				};
			};
			buildConfigurationList = 459F66412B5ABA490072BCD4 /* Build configuration list for PBXProject "GithubFollowings" */;
			compatibilityVersion = "Xcode 14.0";
			developmentRegion = en;
			hasScannedForEncodings = 0;
			knownRegions = (
				en,
				Base,
			);
			mainGroup = 459F663D2B5ABA490072BCD4;
			productRefGroup = 459F66472B5ABA490072BCD4 /* Products */;
			projectDirPath = "";
			projectRoot = "";
			targets = (
				459F66452B5ABA490072BCD4 /* GithubFollowings */,
			);
		};
/* End PBXProject section */

/* Begin PBXResourcesBuildPhase section */
		459F66442B5ABA490072BCD4 /* Resources */ = {
			isa = PBXResourcesBuildPhase;
			buildActionMask = 2147483647;
			files = (
				459F66532B5ABA4A0072BCD4 /* Assets.xcassets in Resources */,
			);
			runOnlyForDeploymentPostprocessing = 0;
		};
/* End PBXResourcesBuildPhase section */

/* Begin PBXSourcesBuildPhase section */
		459F66422B5ABA490072BCD4 /* Sources */ = {
			isa = PBXSourcesBuildPhase;
			buildActionMask = 2147483647;
			files = (
				459F66662B67F3C40072BCD4 /* GFTextField.swift in Sources */,
				455F68DA2B7FA96F00820FD5 /* UIViewController+ext.swift in Sources */,
				455F68D22B76789E00820FD5 /* FollowersListVC.swift in Sources */,
				459F66602B66EC720072BCD4 /* FavoritesListVC.swift in Sources */,
				455F68E22B826D7300820FD5 /* Following.swift in Sources */,
				454BC2F52BA3119A0078DE7D /* UIHelper.swift in Sources */,
				455F68ED2B83CB5F00820FD5 /* GFAvatarImageView.swift in Sources */,
				455F68D82B7AC93800820FD5 /* GFAlertVCViewController.swift in Sources */,
				459F66622B67E59F0072BCD4 /* GFButton.swift in Sources */,
				455F68D62B7AB9AD00820FD5 /* GFBodyLabel.swift in Sources */,
				455F68D42B79F77D00820FD5 /* GFTitleLabel.swift in Sources */,
				455F68E82B83836700820FD5 /* NetworkError.swift in Sources */,
				455F68E02B826C0E00820FD5 /* User.swift in Sources */,
				455F68E52B82722B00820FD5 /* NetworkManager.swift in Sources */,
				454BC2F92BA34C9B0078DE7D /* GFEmptyStateView.swift in Sources */,
				459F665E2B66EC270072BCD4 /* SearchVC.swift in Sources */,
				459F664A2B5ABA490072BCD4 /* AppDelegate.swift in Sources */,
				459F664C2B5ABA490072BCD4 /* SceneDelegate.swift in Sources */,
				455F68EB2B83C4AD00820FD5 /* FollowingCell.swift in Sources */,
				454BC2FB2BA47CA80078DE7D /* UserInfoVC.swift in Sources */,
			);
			runOnlyForDeploymentPostprocessing = 0;
		};
/* End PBXSourcesBuildPhase section */

/* Begin XCBuildConfiguration section */
		459F66582B5ABA4A0072BCD4 /* Debug */ = {
			isa = XCBuildConfiguration;
			buildSettings = {
				ALWAYS_SEARCH_USER_PATHS = NO;
				ASSETCATALOG_COMPILER_GENERATE_SWIFT_ASSET_SYMBOL_EXTENSIONS = YES;
				CLANG_ANALYZER_NONNULL = YES;
				CLANG_ANALYZER_NUMBER_OBJECT_CONVERSION = YES_AGGRESSIVE;
				CLANG_CXX_LANGUAGE_STANDARD = "gnu++20";
				CLANG_ENABLE_MODULES = YES;
				CLANG_ENABLE_OBJC_ARC = YES;
				CLANG_ENABLE_OBJC_WEAK = YES;
				CLANG_WARN_BLOCK_CAPTURE_AUTORELEASING = YES;
				CLANG_WARN_BOOL_CONVERSION = YES;
				CLANG_WARN_COMMA = YES;
				CLANG_WARN_CONSTANT_CONVERSION = YES;
				CLANG_WARN_DEPRECATED_OBJC_IMPLEMENTATIONS = YES;
				CLANG_WARN_DIRECT_OBJC_ISA_USAGE = YES_ERROR;
				CLANG_WARN_DOCUMENTATION_COMMENTS = YES;
				CLANG_WARN_EMPTY_BODY = YES;
				CLANG_WARN_ENUM_CONVERSION = YES;
				CLANG_WARN_INFINITE_RECURSION = YES;
				CLANG_WARN_INT_CONVERSION = YES;
				CLANG_WARN_NON_LITERAL_NULL_CONVERSION = YES;
				CLANG_WARN_OBJC_IMPLICIT_RETAIN_SELF = YES;
				CLANG_WARN_OBJC_LITERAL_CONVERSION = YES;
				CLANG_WARN_OBJC_ROOT_CLASS = YES_ERROR;
				CLANG_WARN_QUOTED_INCLUDE_IN_FRAMEWORK_HEADER = YES;
				CLANG_WARN_RANGE_LOOP_ANALYSIS = YES;
				CLANG_WARN_STRICT_PROTOTYPES = YES;
				CLANG_WARN_SUSPICIOUS_MOVE = YES;
				CLANG_WARN_UNGUARDED_AVAILABILITY = YES_AGGRESSIVE;
				CLANG_WARN_UNREACHABLE_CODE = YES;
				CLANG_WARN__DUPLICATE_METHOD_MATCH = YES;
				COPY_PHASE_STRIP = NO;
				DEBUG_INFORMATION_FORMAT = dwarf;
				ENABLE_STRICT_OBJC_MSGSEND = YES;
				ENABLE_TESTABILITY = YES;
				ENABLE_USER_SCRIPT_SANDBOXING = YES;
				GCC_C_LANGUAGE_STANDARD = gnu17;
				GCC_DYNAMIC_NO_PIC = NO;
				GCC_NO_COMMON_BLOCKS = YES;
				GCC_OPTIMIZATION_LEVEL = 0;
				GCC_PREPROCESSOR_DEFINITIONS = (
					"DEBUG=1",
					"$(inherited)",
				);
				GCC_WARN_64_TO_32_BIT_CONVERSION = YES;
				GCC_WARN_ABOUT_RETURN_TYPE = YES_ERROR;
				GCC_WARN_UNDECLARED_SELECTOR = YES;
				GCC_WARN_UNINITIALIZED_AUTOS = YES_AGGRESSIVE;
				GCC_WARN_UNUSED_FUNCTION = YES;
				GCC_WARN_UNUSED_VARIABLE = YES;
				IPHONEOS_DEPLOYMENT_TARGET = 17.0;
				LOCALIZATION_PREFERS_STRING_CATALOGS = YES;
				MTL_ENABLE_DEBUG_INFO = INCLUDE_SOURCE;
				MTL_FAST_MATH = YES;
				ONLY_ACTIVE_ARCH = YES;
				SDKROOT = iphoneos;
				SWIFT_ACTIVE_COMPILATION_CONDITIONS = "DEBUG $(inherited)";
				SWIFT_OPTIMIZATION_LEVEL = "-Onone";
			};
			name = Debug;
		};
		459F66592B5ABA4A0072BCD4 /* Release */ = {
			isa = XCBuildConfiguration;
			buildSettings = {
				ALWAYS_SEARCH_USER_PATHS = NO;
				ASSETCATALOG_COMPILER_GENERATE_SWIFT_ASSET_SYMBOL_EXTENSIONS = YES;
				CLANG_ANALYZER_NONNULL = YES;
				CLANG_ANALYZER_NUMBER_OBJECT_CONVERSION = YES_AGGRESSIVE;
				CLANG_CXX_LANGUAGE_STANDARD = "gnu++20";
				CLANG_ENABLE_MODULES = YES;
				CLANG_ENABLE_OBJC_ARC = YES;
				CLANG_ENABLE_OBJC_WEAK = YES;
				CLANG_WARN_BLOCK_CAPTURE_AUTORELEASING = YES;
				CLANG_WARN_BOOL_CONVERSION = YES;
				CLANG_WARN_COMMA = YES;
				CLANG_WARN_CONSTANT_CONVERSION = YES;
				CLANG_WARN_DEPRECATED_OBJC_IMPLEMENTATIONS = YES;
				CLANG_WARN_DIRECT_OBJC_ISA_USAGE = YES_ERROR;
				CLANG_WARN_DOCUMENTATION_COMMENTS = YES;
				CLANG_WARN_EMPTY_BODY = YES;
				CLANG_WARN_ENUM_CONVERSION = YES;
				CLANG_WARN_INFINITE_RECURSION = YES;
				CLANG_WARN_INT_CONVERSION = YES;
				CLANG_WARN_NON_LITERAL_NULL_CONVERSION = YES;
				CLANG_WARN_OBJC_IMPLICIT_RETAIN_SELF = YES;
				CLANG_WARN_OBJC_LITERAL_CONVERSION = YES;
				CLANG_WARN_OBJC_ROOT_CLASS = YES_ERROR;
				CLANG_WARN_QUOTED_INCLUDE_IN_FRAMEWORK_HEADER = YES;
				CLANG_WARN_RANGE_LOOP_ANALYSIS = YES;
				CLANG_WARN_STRICT_PROTOTYPES = YES;
				CLANG_WARN_SUSPICIOUS_MOVE = YES;
				CLANG_WARN_UNGUARDED_AVAILABILITY = YES_AGGRESSIVE;
				CLANG_WARN_UNREACHABLE_CODE = YES;
				CLANG_WARN__DUPLICATE_METHOD_MATCH = YES;
				COPY_PHASE_STRIP = NO;
				DEBUG_INFORMATION_FORMAT = "dwarf-with-dsym";
				ENABLE_NS_ASSERTIONS = NO;
				ENABLE_STRICT_OBJC_MSGSEND = YES;
				ENABLE_USER_SCRIPT_SANDBOXING = YES;
				GCC_C_LANGUAGE_STANDARD = gnu17;
				GCC_NO_COMMON_BLOCKS = YES;
				GCC_WARN_64_TO_32_BIT_CONVERSION = YES;
				GCC_WARN_ABOUT_RETURN_TYPE = YES_ERROR;
				GCC_WARN_UNDECLARED_SELECTOR = YES;
				GCC_WARN_UNINITIALIZED_AUTOS = YES_AGGRESSIVE;
				GCC_WARN_UNUSED_FUNCTION = YES;
				GCC_WARN_UNUSED_VARIABLE = YES;
				IPHONEOS_DEPLOYMENT_TARGET = 17.0;
				LOCALIZATION_PREFERS_STRING_CATALOGS = YES;
				MTL_ENABLE_DEBUG_INFO = NO;
				MTL_FAST_MATH = YES;
				SDKROOT = iphoneos;
				SWIFT_COMPILATION_MODE = wholemodule;
				VALIDATE_PRODUCT = YES;
			};
			name = Release;
		};
		459F665B2B5ABA4A0072BCD4 /* Debug */ = {
			isa = XCBuildConfiguration;
			buildSettings = {
				ASSETCATALOG_COMPILER_APPICON_NAME = AppIcon;
				ASSETCATALOG_COMPILER_GLOBAL_ACCENT_COLOR_NAME = AccentColor;
				CODE_SIGN_STYLE = Automatic;
				CURRENT_PROJECT_VERSION = 1;
				DEVELOPMENT_TEAM = 4KG89QHQ73;
				GENERATE_INFOPLIST_FILE = YES;
				INFOPLIST_FILE = GithubFollowings/Info.plist;
				INFOPLIST_KEY_UIApplicationSupportsIndirectInputEvents = YES;
				INFOPLIST_KEY_UILaunchStoryboardName = LaunchScreen;
				INFOPLIST_KEY_UISupportedInterfaceOrientations_iPad = "UIInterfaceOrientationPortrait UIInterfaceOrientationPortraitUpsideDown UIInterfaceOrientationLandscapeLeft UIInterfaceOrientationLandscapeRight";
				INFOPLIST_KEY_UISupportedInterfaceOrientations_iPhone = "UIInterfaceOrientationPortrait UIInterfaceOrientationLandscapeLeft UIInterfaceOrientationLandscapeRight";
				LD_RUNPATH_SEARCH_PATHS = (
					"$(inherited)",
					"@executable_path/Frameworks",
				);
				MARKETING_VERSION = 1.0;
				PRODUCT_BUNDLE_IDENTIFIER = com.ilhanipek.GithubFollowings;
				PRODUCT_NAME = "$(TARGET_NAME)";
				SWIFT_EMIT_LOC_STRINGS = YES;
				SWIFT_VERSION = 5.0;
				TARGETED_DEVICE_FAMILY = "1,2";
			};
			name = Debug;
		};
		459F665C2B5ABA4A0072BCD4 /* Release */ = {
			isa = XCBuildConfiguration;
			buildSettings = {
				ASSETCATALOG_COMPILER_APPICON_NAME = AppIcon;
				ASSETCATALOG_COMPILER_GLOBAL_ACCENT_COLOR_NAME = AccentColor;
				CODE_SIGN_STYLE = Automatic;
				CURRENT_PROJECT_VERSION = 1;
				DEVELOPMENT_TEAM = 4KG89QHQ73;
				GENERATE_INFOPLIST_FILE = YES;
				INFOPLIST_FILE = GithubFollowings/Info.plist;
				INFOPLIST_KEY_UIApplicationSupportsIndirectInputEvents = YES;
				INFOPLIST_KEY_UILaunchStoryboardName = LaunchScreen;
				INFOPLIST_KEY_UISupportedInterfaceOrientations_iPad = "UIInterfaceOrientationPortrait UIInterfaceOrientationPortraitUpsideDown UIInterfaceOrientationLandscapeLeft UIInterfaceOrientationLandscapeRight";
				INFOPLIST_KEY_UISupportedInterfaceOrientations_iPhone = "UIInterfaceOrientationPortrait UIInterfaceOrientationLandscapeLeft UIInterfaceOrientationLandscapeRight";
				LD_RUNPATH_SEARCH_PATHS = (
					"$(inherited)",
					"@executable_path/Frameworks",
				);
				MARKETING_VERSION = 1.0;
				PRODUCT_BUNDLE_IDENTIFIER = com.ilhanipek.GithubFollowings;
				PRODUCT_NAME = "$(TARGET_NAME)";
				SWIFT_EMIT_LOC_STRINGS = YES;
				SWIFT_VERSION = 5.0;
				TARGETED_DEVICE_FAMILY = "1,2";
			};
			name = Release;
		};
/* End XCBuildConfiguration section */

/* Begin XCConfigurationList section */
		459F66412B5ABA490072BCD4 /* Build configuration list for PBXProject "GithubFollowings" */ = {
			isa = XCConfigurationList;
			buildConfigurations = (
				459F66582B5ABA4A0072BCD4 /* Debug */,
				459F66592B5ABA4A0072BCD4 /* Release */,
			);
			defaultConfigurationIsVisible = 0;
			defaultConfigurationName = Release;
		};
		459F665A2B5ABA4A0072BCD4 /* Build configuration list for PBXNativeTarget "GithubFollowings" */ = {
			isa = XCConfigurationList;
			buildConfigurations = (
				459F665B2B5ABA4A0072BCD4 /* Debug */,
				459F665C2B5ABA4A0072BCD4 /* Release */,
			);
			defaultConfigurationIsVisible = 0;
			defaultConfigurationName = Release;
		};
/* End XCConfigurationList section */
	};
	rootObject = 459F663E2B5ABA490072BCD4 /* Project object */;
}
